
Microsoft Visual Studio Solution File, Format Version 12.00
# Visual Studio Version 17
VisualStudioVersion = 17.8.34525.116
MinimumVisualStudioVersion = 10.0.40219.1
Project("{FAE04EC0-301F-11D3-BF4B-00C04F79EFBC}") = "CRUD_P2_Ellis", "CRUD_P2_Ellis\CRUD_P2_Ellis.csproj", "{97253DC9-A71C-4CBB-AB95-978B30FA741D}"
EndProject
Global
	GlobalSection(SolutionConfigurationPlatforms) = preSolution
		Debug|Any CPU = Debug|Any CPU
		Release|Any CPU = Release|Any CPU
	EndGlobalSection
	GlobalSection(ProjectConfigurationPlatforms) = postSolution
		{97253DC9-A71C-4CBB-AB95-978B30FA741D}.Debug|Any CPU.ActiveCfg = Debug|Any CPU
		{97253DC9-A71C-4CBB-AB95-978B30FA741D}.Debug|Any CPU.Build.0 = Debug|Any CPU
		{97253DC9-A71C-4CBB-AB95-978B30FA741D}.Release|Any CPU.ActiveCfg = Release|Any CPU
		{97253DC9-A71C-4CBB-AB95-978B30FA741D}.Release|Any CPU.Build.0 = Release|Any CPU
	EndGlobalSection
	GlobalSection(SolutionProperties) = preSolution
		HideSolutionNode = FALSE
	EndGlobalSection
	GlobalSection(ExtensibilityGlobals) = postSolution
		SolutionGuid = {338DD06C-34F5-484A-8D99-14C6F06598CB}
	EndGlobalSection
EndGlobal
